
Microsoft Visual Studio Solution File, Format Version 12.00
# Visual Studio Version 16
VisualStudioVersion = 16.0.30011.22
MinimumVisualStudioVersion = 10.0.40219.1
Project("{FAE04EC0-301F-11D3-BF4B-00C04F79EFBC}") = "Test.Base", "test\Test.Base\Test.Base.csproj", "{9F966C7F-4A4C-4CAE-9D17-B6FB0E4DB966}"
EndProject
Project("{FAE04EC0-301F-11D3-BF4B-00C04F79EFBC}") = "AcBlog.Data", "src\AcBlog.Data\AcBlog.Data.csproj", "{51278AE3-289F-46B9-8427-9B3829688BC4}"
EndProject
Project("{FAE04EC0-301F-11D3-BF4B-00C04F79EFBC}") = "Benchmark.Base", "test\Benchmark.Base\Benchmark.Base.csproj", "{367249BC-ED00-4E87-8441-475670E97020}"
EndProject
Global
	GlobalSection(SolutionConfigurationPlatforms) = preSolution
		Debug|Any CPU = Debug|Any CPU
		Release|Any CPU = Release|Any CPU
	EndGlobalSection
	GlobalSection(ProjectConfigurationPlatforms) = postSolution
		{9F966C7F-4A4C-4CAE-9D17-B6FB0E4DB966}.Debug|Any CPU.ActiveCfg = Debug|Any CPU
		{9F966C7F-4A4C-4CAE-9D17-B6FB0E4DB966}.Debug|Any CPU.Build.0 = Debug|Any CPU
		{9F966C7F-4A4C-4CAE-9D17-B6FB0E4DB966}.Release|Any CPU.ActiveCfg = Release|Any CPU
		{9F966C7F-4A4C-4CAE-9D17-B6FB0E4DB966}.Release|Any CPU.Build.0 = Release|Any CPU
		{51278AE3-289F-46B9-8427-9B3829688BC4}.Debug|Any CPU.ActiveCfg = Debug|Any CPU
		{51278AE3-289F-46B9-8427-9B3829688BC4}.Debug|Any CPU.Build.0 = Debug|Any CPU
		{51278AE3-289F-46B9-8427-9B3829688BC4}.Release|Any CPU.ActiveCfg = Release|Any CPU
		{51278AE3-289F-46B9-8427-9B3829688BC4}.Release|Any CPU.Build.0 = Release|Any CPU
		{367249BC-ED00-4E87-8441-475670E97020}.Debug|Any CPU.ActiveCfg = Debug|Any CPU
		{367249BC-ED00-4E87-8441-475670E97020}.Debug|Any CPU.Build.0 = Debug|Any CPU
		{367249BC-ED00-4E87-8441-475670E97020}.Release|Any CPU.ActiveCfg = Release|Any CPU
		{367249BC-ED00-4E87-8441-475670E97020}.Release|Any CPU.Build.0 = Release|Any CPU
	EndGlobalSection
	GlobalSection(SolutionProperties) = preSolution
		HideSolutionNode = FALSE
	EndGlobalSection
	GlobalSection(ExtensibilityGlobals) = postSolution
		SolutionGuid = {8D3ED303-A748-4CA3-BBDF-017444C890FB}
	EndGlobalSection
EndGlobal
