
Microsoft Visual Studio Solution File, Format Version 12.00
# Visual Studio Version 16
VisualStudioVersion = 16.0.30011.22
MinimumVisualStudioVersion = 10.0.40219.1
Project("{9A19103F-16F7-4668-BE54-9A1E7A4F7556}") = "Test.Base", "test\Test.Base\Test.Base.csproj", "{9F966C7F-4A4C-4CAE-9D17-B6FB0E4DB966}"
EndProject
Project("{9A19103F-16F7-4668-BE54-9A1E7A4F7556}") = "AcBlog.Data", "src\AcBlog.Data\AcBlog.Data.csproj", "{51278AE3-289F-46B9-8427-9B3829688BC4}"
EndProject
Project("{9A19103F-16F7-4668-BE54-9A1E7A4F7556}") = "Benchmark.Base", "test\Benchmark.Base\Benchmark.Base.csproj", "{367249BC-ED00-4E87-8441-475670E97020}"
EndProject
Project("{2150E333-8FDC-42A3-9474-1A3956D46DE8}") = "test", "test", "{3A06F815-F11C-4598-B40A-40FB9A4C3D1B}"
EndProject
Project("{9A19103F-16F7-4668-BE54-9A1E7A4F7556}") = "AcBlog.SDK", "src\AcBlog.SDK\AcBlog.SDK.csproj", "{DCDA1D76-CBB5-4297-80AE-F989D0EB5594}"
EndProject
Project("{9A19103F-16F7-4668-BE54-9A1E7A4F7556}") = "AcBlog.Server.API", "src\AcBlog.Server.API\AcBlog.Server.API.csproj", "{1D669BD9-3569-48B9-96CB-D9E5E99167E1}"
EndProject
Project("{9A19103F-16F7-4668-BE54-9A1E7A4F7556}") = "Test.Data", "test\Test.Data\Test.Data.csproj", "{EDFE6F90-0E8F-46FB-A476-6FE31894115B}"
EndProject
Project("{9A19103F-16F7-4668-BE54-9A1E7A4F7556}") = "Test.API", "test\Test.API\Test.API.csproj", "{B145E313-B21D-4FE6-907F-41EF6E6FCC81}"
EndProject
Project("{9A19103F-16F7-4668-BE54-9A1E7A4F7556}") = "Test.SDK", "test\Test.SDK\Test.SDK.csproj", "{344AC1AE-0E0B-4495-8860-02569754AE75}"
EndProject
Project("{9A19103F-16F7-4668-BE54-9A1E7A4F7556}") = "AcBlog.Client.WebAssembly", "src\AcBlog.Client.WebAssembly\AcBlog.Client.WebAssembly.csproj", "{ED7DB08F-2339-4AD6-8838-4DAAC0915C1E}"
EndProject
Project("{9A19103F-16F7-4668-BE54-9A1E7A4F7556}") = "AcBlog.Client.Components.Markdown", "src\AcBlog.Client.Components.Markdown\AcBlog.Client.Components.Markdown.csproj", "{469FD464-DE5E-49D0-8F95-91ACEDE50E8C}"
EndProject
Project("{9A19103F-16F7-4668-BE54-9A1E7A4F7556}") = "AcBlog.Client.Components.CodeEditor", "src\AcBlog.Client.Components.CodeEditor\AcBlog.Client.Components.CodeEditor.csproj", "{8B8B96C8-8DA7-4F89-B2CC-362F96D7F449}"
EndProject
Project("{9A19103F-16F7-4668-BE54-9A1E7A4F7556}") = "AcBlog.Data.Repositories.FileSystem", "src\AcBlog.Data.Repositories.FileSystem\AcBlog.Data.Repositories.FileSystem.csproj", "{CAE6F1D5-EE34-44ED-8779-CBA959AB398A}"
EndProject
Project("{9A19103F-16F7-4668-BE54-9A1E7A4F7556}") = "AcBlog.Data.Repositories.SQLServer", "src\AcBlog.Data.Repositories.SQLServer\AcBlog.Data.Repositories.SQLServer.csproj", "{334843D1-0685-4173-986E-8DABCDB3CE5E}"
EndProject
Project("{9A19103F-16F7-4668-BE54-9A1E7A4F7556}") = "AcBlog.Tool.StaticGenerator", "src\AcBlog.Tool.StaticGenerator\AcBlog.Tool.StaticGenerator.csproj", "{C70BDEA7-FC27-4C7D-8475-9822BA04D057}"
EndProject
Project("{2150E333-8FDC-42A3-9474-1A3956D46DE8}") = "components", "components", "{56E93FBD-A94A-4C86-B5BD-CAD4B4FEBECD}"
EndProject
Project("{9A19103F-16F7-4668-BE54-9A1E7A4F7556}") = "AcBlog.Client.Components.Slides", "src\AcBlog.Client.Components.Slides\AcBlog.Client.Components.Slides.csproj", "{EC983A98-EBE1-44AB-8A67-6C01F2F5FF08}"
EndProject
Project("{9A19103F-16F7-4668-BE54-9A1E7A4F7556}") = "AcBlog.Client.Components.Loading", "src\AcBlog.Client.Components.Loading\AcBlog.Client.Components.Loading.csproj", "{55B13E41-0231-4C6A-AD05-0DFA424D40BD}"
EndProject
Global
	GlobalSection(SolutionConfigurationPlatforms) = preSolution
		Debug|Any CPU = Debug|Any CPU
		Release|Any CPU = Release|Any CPU
	EndGlobalSection
	GlobalSection(ProjectConfigurationPlatforms) = postSolution
		{9F966C7F-4A4C-4CAE-9D17-B6FB0E4DB966}.Debug|Any CPU.ActiveCfg = Debug|Any CPU
		{9F966C7F-4A4C-4CAE-9D17-B6FB0E4DB966}.Debug|Any CPU.Build.0 = Debug|Any CPU
		{9F966C7F-4A4C-4CAE-9D17-B6FB0E4DB966}.Release|Any CPU.ActiveCfg = Release|Any CPU
		{9F966C7F-4A4C-4CAE-9D17-B6FB0E4DB966}.Release|Any CPU.Build.0 = Release|Any CPU
		{51278AE3-289F-46B9-8427-9B3829688BC4}.Debug|Any CPU.ActiveCfg = Debug|Any CPU
		{51278AE3-289F-46B9-8427-9B3829688BC4}.Debug|Any CPU.Build.0 = Debug|Any CPU
		{51278AE3-289F-46B9-8427-9B3829688BC4}.Release|Any CPU.ActiveCfg = Release|Any CPU
		{51278AE3-289F-46B9-8427-9B3829688BC4}.Release|Any CPU.Build.0 = Release|Any CPU
		{367249BC-ED00-4E87-8441-475670E97020}.Debug|Any CPU.ActiveCfg = Debug|Any CPU
		{367249BC-ED00-4E87-8441-475670E97020}.Debug|Any CPU.Build.0 = Debug|Any CPU
		{367249BC-ED00-4E87-8441-475670E97020}.Release|Any CPU.ActiveCfg = Release|Any CPU
		{367249BC-ED00-4E87-8441-475670E97020}.Release|Any CPU.Build.0 = Release|Any CPU
		{DCDA1D76-CBB5-4297-80AE-F989D0EB5594}.Debug|Any CPU.ActiveCfg = Debug|Any CPU
		{DCDA1D76-CBB5-4297-80AE-F989D0EB5594}.Debug|Any CPU.Build.0 = Debug|Any CPU
		{DCDA1D76-CBB5-4297-80AE-F989D0EB5594}.Release|Any CPU.ActiveCfg = Release|Any CPU
		{DCDA1D76-CBB5-4297-80AE-F989D0EB5594}.Release|Any CPU.Build.0 = Release|Any CPU
		{1D669BD9-3569-48B9-96CB-D9E5E99167E1}.Debug|Any CPU.ActiveCfg = Debug|Any CPU
		{1D669BD9-3569-48B9-96CB-D9E5E99167E1}.Debug|Any CPU.Build.0 = Debug|Any CPU
		{1D669BD9-3569-48B9-96CB-D9E5E99167E1}.Release|Any CPU.ActiveCfg = Release|Any CPU
		{1D669BD9-3569-48B9-96CB-D9E5E99167E1}.Release|Any CPU.Build.0 = Release|Any CPU
		{EDFE6F90-0E8F-46FB-A476-6FE31894115B}.Debug|Any CPU.ActiveCfg = Debug|Any CPU
		{EDFE6F90-0E8F-46FB-A476-6FE31894115B}.Debug|Any CPU.Build.0 = Debug|Any CPU
		{EDFE6F90-0E8F-46FB-A476-6FE31894115B}.Release|Any CPU.ActiveCfg = Release|Any CPU
		{EDFE6F90-0E8F-46FB-A476-6FE31894115B}.Release|Any CPU.Build.0 = Release|Any CPU
		{B145E313-B21D-4FE6-907F-41EF6E6FCC81}.Debug|Any CPU.ActiveCfg = Debug|Any CPU
		{B145E313-B21D-4FE6-907F-41EF6E6FCC81}.Debug|Any CPU.Build.0 = Debug|Any CPU
		{B145E313-B21D-4FE6-907F-41EF6E6FCC81}.Release|Any CPU.ActiveCfg = Release|Any CPU
		{B145E313-B21D-4FE6-907F-41EF6E6FCC81}.Release|Any CPU.Build.0 = Release|Any CPU
		{344AC1AE-0E0B-4495-8860-02569754AE75}.Debug|Any CPU.ActiveCfg = Debug|Any CPU
		{344AC1AE-0E0B-4495-8860-02569754AE75}.Debug|Any CPU.Build.0 = Debug|Any CPU
		{344AC1AE-0E0B-4495-8860-02569754AE75}.Release|Any CPU.ActiveCfg = Release|Any CPU
		{344AC1AE-0E0B-4495-8860-02569754AE75}.Release|Any CPU.Build.0 = Release|Any CPU
		{ED7DB08F-2339-4AD6-8838-4DAAC0915C1E}.Debug|Any CPU.ActiveCfg = Debug|Any CPU
		{ED7DB08F-2339-4AD6-8838-4DAAC0915C1E}.Debug|Any CPU.Build.0 = Debug|Any CPU
		{ED7DB08F-2339-4AD6-8838-4DAAC0915C1E}.Release|Any CPU.ActiveCfg = Release|Any CPU
		{ED7DB08F-2339-4AD6-8838-4DAAC0915C1E}.Release|Any CPU.Build.0 = Release|Any CPU
		{469FD464-DE5E-49D0-8F95-91ACEDE50E8C}.Debug|Any CPU.ActiveCfg = Debug|Any CPU
		{469FD464-DE5E-49D0-8F95-91ACEDE50E8C}.Debug|Any CPU.Build.0 = Debug|Any CPU
		{469FD464-DE5E-49D0-8F95-91ACEDE50E8C}.Release|Any CPU.ActiveCfg = Release|Any CPU
		{469FD464-DE5E-49D0-8F95-91ACEDE50E8C}.Release|Any CPU.Build.0 = Release|Any CPU
		{8B8B96C8-8DA7-4F89-B2CC-362F96D7F449}.Debug|Any CPU.ActiveCfg = Debug|Any CPU
		{8B8B96C8-8DA7-4F89-B2CC-362F96D7F449}.Debug|Any CPU.Build.0 = Debug|Any CPU
		{8B8B96C8-8DA7-4F89-B2CC-362F96D7F449}.Release|Any CPU.ActiveCfg = Release|Any CPU
		{8B8B96C8-8DA7-4F89-B2CC-362F96D7F449}.Release|Any CPU.Build.0 = Release|Any CPU
		{CAE6F1D5-EE34-44ED-8779-CBA959AB398A}.Debug|Any CPU.ActiveCfg = Debug|Any CPU
		{CAE6F1D5-EE34-44ED-8779-CBA959AB398A}.Debug|Any CPU.Build.0 = Debug|Any CPU
		{CAE6F1D5-EE34-44ED-8779-CBA959AB398A}.Release|Any CPU.ActiveCfg = Release|Any CPU
		{CAE6F1D5-EE34-44ED-8779-CBA959AB398A}.Release|Any CPU.Build.0 = Release|Any CPU
		{334843D1-0685-4173-986E-8DABCDB3CE5E}.Debug|Any CPU.ActiveCfg = Debug|Any CPU
		{334843D1-0685-4173-986E-8DABCDB3CE5E}.Debug|Any CPU.Build.0 = Debug|Any CPU
		{334843D1-0685-4173-986E-8DABCDB3CE5E}.Release|Any CPU.ActiveCfg = Release|Any CPU
		{334843D1-0685-4173-986E-8DABCDB3CE5E}.Release|Any CPU.Build.0 = Release|Any CPU
		{C70BDEA7-FC27-4C7D-8475-9822BA04D057}.Debug|Any CPU.ActiveCfg = Debug|Any CPU
		{C70BDEA7-FC27-4C7D-8475-9822BA04D057}.Debug|Any CPU.Build.0 = Debug|Any CPU
		{C70BDEA7-FC27-4C7D-8475-9822BA04D057}.Release|Any CPU.ActiveCfg = Release|Any CPU
		{C70BDEA7-FC27-4C7D-8475-9822BA04D057}.Release|Any CPU.Build.0 = Release|Any CPU
		{EC983A98-EBE1-44AB-8A67-6C01F2F5FF08}.Debug|Any CPU.ActiveCfg = Debug|Any CPU
		{EC983A98-EBE1-44AB-8A67-6C01F2F5FF08}.Debug|Any CPU.Build.0 = Debug|Any CPU
		{EC983A98-EBE1-44AB-8A67-6C01F2F5FF08}.Release|Any CPU.ActiveCfg = Release|Any CPU
		{EC983A98-EBE1-44AB-8A67-6C01F2F5FF08}.Release|Any CPU.Build.0 = Release|Any CPU
		{55B13E41-0231-4C6A-AD05-0DFA424D40BD}.Debug|Any CPU.ActiveCfg = Debug|Any CPU
		{55B13E41-0231-4C6A-AD05-0DFA424D40BD}.Debug|Any CPU.Build.0 = Debug|Any CPU
		{55B13E41-0231-4C6A-AD05-0DFA424D40BD}.Release|Any CPU.ActiveCfg = Release|Any CPU
		{55B13E41-0231-4C6A-AD05-0DFA424D40BD}.Release|Any CPU.Build.0 = Release|Any CPU
	EndGlobalSection
	GlobalSection(SolutionProperties) = preSolution
		HideSolutionNode = FALSE
	EndGlobalSection
	GlobalSection(NestedProjects) = preSolution
		{9F966C7F-4A4C-4CAE-9D17-B6FB0E4DB966} = {3A06F815-F11C-4598-B40A-40FB9A4C3D1B}
		{367249BC-ED00-4E87-8441-475670E97020} = {3A06F815-F11C-4598-B40A-40FB9A4C3D1B}
		{EDFE6F90-0E8F-46FB-A476-6FE31894115B} = {3A06F815-F11C-4598-B40A-40FB9A4C3D1B}
		{B145E313-B21D-4FE6-907F-41EF6E6FCC81} = {3A06F815-F11C-4598-B40A-40FB9A4C3D1B}
		{344AC1AE-0E0B-4495-8860-02569754AE75} = {3A06F815-F11C-4598-B40A-40FB9A4C3D1B}
		{469FD464-DE5E-49D0-8F95-91ACEDE50E8C} = {56E93FBD-A94A-4C86-B5BD-CAD4B4FEBECD}
		{8B8B96C8-8DA7-4F89-B2CC-362F96D7F449} = {56E93FBD-A94A-4C86-B5BD-CAD4B4FEBECD}
		{EC983A98-EBE1-44AB-8A67-6C01F2F5FF08} = {56E93FBD-A94A-4C86-B5BD-CAD4B4FEBECD}
		{55B13E41-0231-4C6A-AD05-0DFA424D40BD} = {56E93FBD-A94A-4C86-B5BD-CAD4B4FEBECD}
	EndGlobalSection
	GlobalSection(ExtensibilityGlobals) = postSolution
		SolutionGuid = {8D3ED303-A748-4CA3-BBDF-017444C890FB}
	EndGlobalSection
EndGlobal
