
Microsoft Visual Studio Solution File, Format Version 12.00
# Visual Studio Version 16
VisualStudioVersion = 16.0.30011.22
MinimumVisualStudioVersion = 10.0.40219.1
Project("{9A19103F-16F7-4668-BE54-9A1E7A4F7556}") = "Test.Base", "test\Test.Base\Test.Base.csproj", "{9F966C7F-4A4C-4CAE-9D17-B6FB0E4DB966}"
EndProject
Project("{9A19103F-16F7-4668-BE54-9A1E7A4F7556}") = "AcBlog.Data", "src\AcBlog.Data\AcBlog.Data.csproj", "{51278AE3-289F-46B9-8427-9B3829688BC4}"
EndProject
Project("{9A19103F-16F7-4668-BE54-9A1E7A4F7556}") = "Benchmark.Base", "test\Benchmark.Base\Benchmark.Base.csproj", "{367249BC-ED00-4E87-8441-475670E97020}"
EndProject
Project("{2150E333-8FDC-42A3-9474-1A3956D46DE8}") = "test", "test", "{3A06F815-F11C-4598-B40A-40FB9A4C3D1B}"
EndProject
Project("{9A19103F-16F7-4668-BE54-9A1E7A4F7556}") = "Test.Data", "test\Test.Data\Test.Data.csproj", "{EDFE6F90-0E8F-46FB-A476-6FE31894115B}"
EndProject
Project("{9A19103F-16F7-4668-BE54-9A1E7A4F7556}") = "Test.Api", "test\Test.Api\Test.Api.csproj", "{B145E313-B21D-4FE6-907F-41EF6E6FCC81}"
EndProject
Project("{9A19103F-16F7-4668-BE54-9A1E7A4F7556}") = "Test.Sdk", "test\Test.Sdk\Test.Sdk.csproj", "{344AC1AE-0E0B-4495-8860-02569754AE75}"
EndProject
Project("{9A19103F-16F7-4668-BE54-9A1E7A4F7556}") = "AcBlog.Data.Repositories.FileSystem", "src\AcBlog.Data.Repositories.FileSystem\AcBlog.Data.Repositories.FileSystem.csproj", "{CAE6F1D5-EE34-44ED-8779-CBA959AB398A}"
EndProject
Project("{9A19103F-16F7-4668-BE54-9A1E7A4F7556}") = "AcBlog.Client.WebAssembly.Host", "src\client\AcBlog.Client.WebAssembly.Host\AcBlog.Client.WebAssembly.Host.csproj", "{B687C30E-64CD-4283-BC66-B1398473D823}"
EndProject
Project("{2150E333-8FDC-42A3-9474-1A3956D46DE8}") = "client", "client", "{8A5E6B5F-A6B3-4951-B998-0B029F07776D}"
EndProject
Project("{9A19103F-16F7-4668-BE54-9A1E7A4F7556}") = "AcBlog.Client.WebAssembly.Shared", "src\client\AcBlog.Client.WebAssembly.Shared\AcBlog.Client.WebAssembly.Shared.csproj", "{442B7279-91B4-4639-B05B-CE27B5AB3237}"
EndProject
Project("{2150E333-8FDC-42A3-9474-1A3956D46DE8}") = "assets", "assets", "{2E124B69-A483-40F7-A9F9-CA2616A8C45D}"
	ProjectSection(SolutionItems) = preProject
		assets\images\icon.png = assets\images\icon.png
	EndProjectSection
EndProject
Project("{9A19103F-16F7-4668-BE54-9A1E7A4F7556}") = "StardustDL.Extensions.FileProviders.Http", "src\StardustDL.Extensions.FileProviders.Http\StardustDL.Extensions.FileProviders.Http.csproj", "{9AB83D80-E2BE-4B75-91BF-5D794E918E24}"
EndProject
Project("{9A19103F-16F7-4668-BE54-9A1E7A4F7556}") = "AcBlog.Sdk", "src\AcBlog.Sdk\AcBlog.Sdk.csproj", "{F92B5718-AF1A-43D5-8912-4B61D3BA18D3}"
EndProject
Project("{9A19103F-16F7-4668-BE54-9A1E7A4F7556}") = "AcBlog.Server.Api", "src\AcBlog.Server.Api\AcBlog.Server.Api.csproj", "{6840DF2B-FEC0-4158-B404-54C95F36AB54}"
EndProject
Project("{9A19103F-16F7-4668-BE54-9A1E7A4F7556}") = "AcBlog.Data.Repositories.SqlServer", "src\AcBlog.Data.Repositories.SqlServer\AcBlog.Data.Repositories.SqlServer.csproj", "{BCC7FB90-38EA-4B66-8581-AE192EBA5C50}"
EndProject
Project("{9A19103F-16F7-4668-BE54-9A1E7A4F7556}") = "AcBlog.Tools.Sdk", "src\AcBlog.Tools.Sdk\AcBlog.Tools.Sdk.csproj", "{228145E6-E82B-40E5-BA57-CFB6E3ADC038}"
EndProject
Project("{9A19103F-16F7-4668-BE54-9A1E7A4F7556}") = "AcBlog.Data.Extensions", "src\AcBlog.Data.Extensions\AcBlog.Data.Extensions.csproj", "{1D9325AB-B299-4007-827C-9B56B27886AB}"
EndProject
Project("{9A19103F-16F7-4668-BE54-9A1E7A4F7556}") = "AcBlog.Client.WebAssembly", "src\client\AcBlog.Client.WebAssembly\AcBlog.Client.WebAssembly.csproj", "{3AE05590-EB72-4EAA-98ED-9D23DAA12540}"
EndProject
Project("{9A19103F-16F7-4668-BE54-9A1E7A4F7556}") = "AcBlog.Data.Repositories.Externals", "src\AcBlog.Data.Repositories.Externals\AcBlog.Data.Repositories.Externals.csproj", "{AE207B9F-7B9B-4181-9CBC-E4D4BAEC5742}"
EndProject
Global
	GlobalSection(SolutionConfigurationPlatforms) = preSolution
		Debug|Any CPU = Debug|Any CPU
		Release|Any CPU = Release|Any CPU
	EndGlobalSection
	GlobalSection(ProjectConfigurationPlatforms) = postSolution
		{9F966C7F-4A4C-4CAE-9D17-B6FB0E4DB966}.Debug|Any CPU.ActiveCfg = Debug|Any CPU
		{9F966C7F-4A4C-4CAE-9D17-B6FB0E4DB966}.Debug|Any CPU.Build.0 = Debug|Any CPU
		{9F966C7F-4A4C-4CAE-9D17-B6FB0E4DB966}.Release|Any CPU.ActiveCfg = Release|Any CPU
		{9F966C7F-4A4C-4CAE-9D17-B6FB0E4DB966}.Release|Any CPU.Build.0 = Release|Any CPU
		{51278AE3-289F-46B9-8427-9B3829688BC4}.Debug|Any CPU.ActiveCfg = Debug|Any CPU
		{51278AE3-289F-46B9-8427-9B3829688BC4}.Debug|Any CPU.Build.0 = Debug|Any CPU
		{51278AE3-289F-46B9-8427-9B3829688BC4}.Release|Any CPU.ActiveCfg = Release|Any CPU
		{51278AE3-289F-46B9-8427-9B3829688BC4}.Release|Any CPU.Build.0 = Release|Any CPU
		{367249BC-ED00-4E87-8441-475670E97020}.Debug|Any CPU.ActiveCfg = Debug|Any CPU
		{367249BC-ED00-4E87-8441-475670E97020}.Debug|Any CPU.Build.0 = Debug|Any CPU
		{367249BC-ED00-4E87-8441-475670E97020}.Release|Any CPU.ActiveCfg = Release|Any CPU
		{367249BC-ED00-4E87-8441-475670E97020}.Release|Any CPU.Build.0 = Release|Any CPU
		{EDFE6F90-0E8F-46FB-A476-6FE31894115B}.Debug|Any CPU.ActiveCfg = Debug|Any CPU
		{EDFE6F90-0E8F-46FB-A476-6FE31894115B}.Debug|Any CPU.Build.0 = Debug|Any CPU
		{EDFE6F90-0E8F-46FB-A476-6FE31894115B}.Release|Any CPU.ActiveCfg = Release|Any CPU
		{EDFE6F90-0E8F-46FB-A476-6FE31894115B}.Release|Any CPU.Build.0 = Release|Any CPU
		{B145E313-B21D-4FE6-907F-41EF6E6FCC81}.Debug|Any CPU.ActiveCfg = Debug|Any CPU
		{B145E313-B21D-4FE6-907F-41EF6E6FCC81}.Debug|Any CPU.Build.0 = Debug|Any CPU
		{B145E313-B21D-4FE6-907F-41EF6E6FCC81}.Release|Any CPU.ActiveCfg = Release|Any CPU
		{B145E313-B21D-4FE6-907F-41EF6E6FCC81}.Release|Any CPU.Build.0 = Release|Any CPU
		{344AC1AE-0E0B-4495-8860-02569754AE75}.Debug|Any CPU.ActiveCfg = Debug|Any CPU
		{344AC1AE-0E0B-4495-8860-02569754AE75}.Debug|Any CPU.Build.0 = Debug|Any CPU
		{344AC1AE-0E0B-4495-8860-02569754AE75}.Release|Any CPU.ActiveCfg = Release|Any CPU
		{344AC1AE-0E0B-4495-8860-02569754AE75}.Release|Any CPU.Build.0 = Release|Any CPU
		{CAE6F1D5-EE34-44ED-8779-CBA959AB398A}.Debug|Any CPU.ActiveCfg = Debug|Any CPU
		{CAE6F1D5-EE34-44ED-8779-CBA959AB398A}.Debug|Any CPU.Build.0 = Debug|Any CPU
		{CAE6F1D5-EE34-44ED-8779-CBA959AB398A}.Release|Any CPU.ActiveCfg = Release|Any CPU
		{CAE6F1D5-EE34-44ED-8779-CBA959AB398A}.Release|Any CPU.Build.0 = Release|Any CPU
		{B687C30E-64CD-4283-BC66-B1398473D823}.Debug|Any CPU.ActiveCfg = Debug|Any CPU
		{B687C30E-64CD-4283-BC66-B1398473D823}.Debug|Any CPU.Build.0 = Debug|Any CPU
		{B687C30E-64CD-4283-BC66-B1398473D823}.Release|Any CPU.ActiveCfg = Release|Any CPU
		{B687C30E-64CD-4283-BC66-B1398473D823}.Release|Any CPU.Build.0 = Release|Any CPU
		{442B7279-91B4-4639-B05B-CE27B5AB3237}.Debug|Any CPU.ActiveCfg = Debug|Any CPU
		{442B7279-91B4-4639-B05B-CE27B5AB3237}.Debug|Any CPU.Build.0 = Debug|Any CPU
		{442B7279-91B4-4639-B05B-CE27B5AB3237}.Release|Any CPU.ActiveCfg = Release|Any CPU
		{442B7279-91B4-4639-B05B-CE27B5AB3237}.Release|Any CPU.Build.0 = Release|Any CPU
		{9AB83D80-E2BE-4B75-91BF-5D794E918E24}.Debug|Any CPU.ActiveCfg = Debug|Any CPU
		{9AB83D80-E2BE-4B75-91BF-5D794E918E24}.Debug|Any CPU.Build.0 = Debug|Any CPU
		{9AB83D80-E2BE-4B75-91BF-5D794E918E24}.Release|Any CPU.ActiveCfg = Release|Any CPU
		{9AB83D80-E2BE-4B75-91BF-5D794E918E24}.Release|Any CPU.Build.0 = Release|Any CPU
		{F92B5718-AF1A-43D5-8912-4B61D3BA18D3}.Debug|Any CPU.ActiveCfg = Debug|Any CPU
		{F92B5718-AF1A-43D5-8912-4B61D3BA18D3}.Debug|Any CPU.Build.0 = Debug|Any CPU
		{F92B5718-AF1A-43D5-8912-4B61D3BA18D3}.Release|Any CPU.ActiveCfg = Release|Any CPU
		{F92B5718-AF1A-43D5-8912-4B61D3BA18D3}.Release|Any CPU.Build.0 = Release|Any CPU
		{6840DF2B-FEC0-4158-B404-54C95F36AB54}.Debug|Any CPU.ActiveCfg = Debug|Any CPU
		{6840DF2B-FEC0-4158-B404-54C95F36AB54}.Debug|Any CPU.Build.0 = Debug|Any CPU
		{6840DF2B-FEC0-4158-B404-54C95F36AB54}.Release|Any CPU.ActiveCfg = Release|Any CPU
		{6840DF2B-FEC0-4158-B404-54C95F36AB54}.Release|Any CPU.Build.0 = Release|Any CPU
		{BCC7FB90-38EA-4B66-8581-AE192EBA5C50}.Debug|Any CPU.ActiveCfg = Debug|Any CPU
		{BCC7FB90-38EA-4B66-8581-AE192EBA5C50}.Debug|Any CPU.Build.0 = Debug|Any CPU
		{BCC7FB90-38EA-4B66-8581-AE192EBA5C50}.Release|Any CPU.ActiveCfg = Release|Any CPU
		{BCC7FB90-38EA-4B66-8581-AE192EBA5C50}.Release|Any CPU.Build.0 = Release|Any CPU
		{228145E6-E82B-40E5-BA57-CFB6E3ADC038}.Debug|Any CPU.ActiveCfg = Debug|Any CPU
		{228145E6-E82B-40E5-BA57-CFB6E3ADC038}.Debug|Any CPU.Build.0 = Debug|Any CPU
		{228145E6-E82B-40E5-BA57-CFB6E3ADC038}.Release|Any CPU.ActiveCfg = Release|Any CPU
		{228145E6-E82B-40E5-BA57-CFB6E3ADC038}.Release|Any CPU.Build.0 = Release|Any CPU
		{1D9325AB-B299-4007-827C-9B56B27886AB}.Debug|Any CPU.ActiveCfg = Debug|Any CPU
		{1D9325AB-B299-4007-827C-9B56B27886AB}.Debug|Any CPU.Build.0 = Debug|Any CPU
		{1D9325AB-B299-4007-827C-9B56B27886AB}.Release|Any CPU.ActiveCfg = Release|Any CPU
		{1D9325AB-B299-4007-827C-9B56B27886AB}.Release|Any CPU.Build.0 = Release|Any CPU
		{3AE05590-EB72-4EAA-98ED-9D23DAA12540}.Debug|Any CPU.ActiveCfg = Debug|Any CPU
		{3AE05590-EB72-4EAA-98ED-9D23DAA12540}.Debug|Any CPU.Build.0 = Debug|Any CPU
		{3AE05590-EB72-4EAA-98ED-9D23DAA12540}.Release|Any CPU.ActiveCfg = Release|Any CPU
		{3AE05590-EB72-4EAA-98ED-9D23DAA12540}.Release|Any CPU.Build.0 = Release|Any CPU
		{AE207B9F-7B9B-4181-9CBC-E4D4BAEC5742}.Debug|Any CPU.ActiveCfg = Debug|Any CPU
		{AE207B9F-7B9B-4181-9CBC-E4D4BAEC5742}.Debug|Any CPU.Build.0 = Debug|Any CPU
		{AE207B9F-7B9B-4181-9CBC-E4D4BAEC5742}.Release|Any CPU.ActiveCfg = Release|Any CPU
		{AE207B9F-7B9B-4181-9CBC-E4D4BAEC5742}.Release|Any CPU.Build.0 = Release|Any CPU
	EndGlobalSection
	GlobalSection(SolutionProperties) = preSolution
		HideSolutionNode = FALSE
	EndGlobalSection
	GlobalSection(NestedProjects) = preSolution
		{9F966C7F-4A4C-4CAE-9D17-B6FB0E4DB966} = {3A06F815-F11C-4598-B40A-40FB9A4C3D1B}
		{367249BC-ED00-4E87-8441-475670E97020} = {3A06F815-F11C-4598-B40A-40FB9A4C3D1B}
		{EDFE6F90-0E8F-46FB-A476-6FE31894115B} = {3A06F815-F11C-4598-B40A-40FB9A4C3D1B}
		{B145E313-B21D-4FE6-907F-41EF6E6FCC81} = {3A06F815-F11C-4598-B40A-40FB9A4C3D1B}
		{344AC1AE-0E0B-4495-8860-02569754AE75} = {3A06F815-F11C-4598-B40A-40FB9A4C3D1B}
		{B687C30E-64CD-4283-BC66-B1398473D823} = {8A5E6B5F-A6B3-4951-B998-0B029F07776D}
		{442B7279-91B4-4639-B05B-CE27B5AB3237} = {8A5E6B5F-A6B3-4951-B998-0B029F07776D}
		{3AE05590-EB72-4EAA-98ED-9D23DAA12540} = {8A5E6B5F-A6B3-4951-B998-0B029F07776D}
	EndGlobalSection
	GlobalSection(ExtensibilityGlobals) = postSolution
		SolutionGuid = {8D3ED303-A748-4CA3-BBDF-017444C890FB}
	EndGlobalSection
EndGlobal
